
Microsoft Visual Studio Solution File, Format Version 12.00
# Visual Studio Version 17
VisualStudioVersion = 17.10.34928.147
MinimumVisualStudioVersion = 10.0.40219.1
Project("{FAE04EC0-301F-11D3-BF4B-00C04F79EFBC}") = "MovieCatalogTests", "MovieCatalogTests\MovieCatalogTests.csproj", "{E43181F2-80FD-446B-90CC-E8B749DA36ED}"
EndProject
Global
	GlobalSection(SolutionConfigurationPlatforms) = preSolution
		Debug|Any CPU = Debug|Any CPU
		Release|Any CPU = Release|Any CPU
	EndGlobalSection
	GlobalSection(ProjectConfigurationPlatforms) = postSolution
		{E43181F2-80FD-446B-90CC-E8B749DA36ED}.Debug|Any CPU.ActiveCfg = Debug|Any CPU
		{E43181F2-80FD-446B-90CC-E8B749DA36ED}.Debug|Any CPU.Build.0 = Debug|Any CPU
		{E43181F2-80FD-446B-90CC-E8B749DA36ED}.Release|Any CPU.ActiveCfg = Release|Any CPU
		{E43181F2-80FD-446B-90CC-E8B749DA36ED}.Release|Any CPU.Build.0 = Release|Any CPU
	EndGlobalSection
	GlobalSection(SolutionProperties) = preSolution
		HideSolutionNode = FALSE
	EndGlobalSection
	GlobalSection(ExtensibilityGlobals) = postSolution
		SolutionGuid = {26FD9668-8A25-494D-A236-CD8DE1D87548}
	EndGlobalSection
EndGlobal
